
Microsoft Visual Studio Solution File, Format Version 12.00
# Visual Studio Version 17
VisualStudioVersion = 17.11.35208.52
MinimumVisualStudioVersion = 10.0.40219.1
Project("{FAE04EC0-301F-11D3-BF4B-00C04F79EFBC}") = "MainGymTrack", "MainGymTrack\MainGymTrack.csproj", "{BDD4B56C-EDA4-4523-8EFD-B85494AB02BD}"
EndProject
Global
	GlobalSection(SolutionConfigurationPlatforms) = preSolution
		Debug|Any CPU = Debug|Any CPU
		Release|Any CPU = Release|Any CPU
	EndGlobalSection
	GlobalSection(ProjectConfigurationPlatforms) = postSolution
		{BDD4B56C-EDA4-4523-8EFD-B85494AB02BD}.Debug|Any CPU.ActiveCfg = Debug|Any CPU
		{BDD4B56C-EDA4-4523-8EFD-B85494AB02BD}.Debug|Any CPU.Build.0 = Debug|Any CPU
		{BDD4B56C-EDA4-4523-8EFD-B85494AB02BD}.Release|Any CPU.ActiveCfg = Release|Any CPU
		{BDD4B56C-EDA4-4523-8EFD-B85494AB02BD}.Release|Any CPU.Build.0 = Release|Any CPU
	EndGlobalSection
	GlobalSection(SolutionProperties) = preSolution
		HideSolutionNode = FALSE
	EndGlobalSection
	GlobalSection(ExtensibilityGlobals) = postSolution
		SolutionGuid = {1C650FC4-B5FD-47FB-8934-C31CC8E3F87D}
	EndGlobalSection
EndGlobal
